
Microsoft Visual Studio Solution File, Format Version 12.00
# Visual Studio 15
VisualStudioVersion = 15.0.28307.1000
MinimumVisualStudioVersion = 10.0.40219.1
Project("{FAE04EC0-301F-11D3-BF4B-00C04F79EFBC}") = "BLL", "BLL\BLL.csproj", "{D32DEC04-169C-4F4B-A24D-4F80C4173EFC}"
EndProject
Project("{FAE04EC0-301F-11D3-BF4B-00C04F79EFBC}") = "Model", "Model\Model.csproj", "{6B3339DC-0D65-4F6E-8C64-5328C952782C}"
EndProject
Project("{FAE04EC0-301F-11D3-BF4B-00C04F79EFBC}") = "View", "View\View.csproj", "{F59ADA83-7CA1-4BFE-B46D-3E76F5489AC4}"
EndProject
Project("{FAE04EC0-301F-11D3-BF4B-00C04F79EFBC}") = "Panuon.UI.Silver", "..\UI\PanuonUI.Silver-master\Net45\Panuon.UI.Silver\Panuon.UI.Silver.csproj", "{461FE59D-57B8-4599-8E7D-439E27A2BBB2}"
EndProject
Project("{FAE04EC0-301F-11D3-BF4B-00C04F79EFBC}") = "Common", "Common\Common.csproj", "{0C6A310A-CCE1-4B7A-A552-2C5E4130494B}"
EndProject
Global
	GlobalSection(SharedMSBuildProjectFiles) = preSolution
		..\UI\PanuonUI.Silver-master\SharedResources\Panuon.UI.Silver.Core\Panuon.UI.Silver.Core.projitems*{461fe59d-57b8-4599-8e7d-439e27a2bbb2}*SharedItemsImports = 4
		..\UI\PanuonUI.Silver-master\SharedResources\Panuon.UI.Silver\Panuon.UI.Silver.projitems*{461fe59d-57b8-4599-8e7d-439e27a2bbb2}*SharedItemsImports = 4
	EndGlobalSection
	GlobalSection(SolutionConfigurationPlatforms) = preSolution
		Debug|Any CPU = Debug|Any CPU
		Debug|x86 = Debug|x86
		Release|Any CPU = Release|Any CPU
		Release|x86 = Release|x86
	EndGlobalSection
	GlobalSection(ProjectConfigurationPlatforms) = postSolution
		{D32DEC04-169C-4F4B-A24D-4F80C4173EFC}.Debug|Any CPU.ActiveCfg = Debug|Any CPU
		{D32DEC04-169C-4F4B-A24D-4F80C4173EFC}.Debug|Any CPU.Build.0 = Debug|Any CPU
		{D32DEC04-169C-4F4B-A24D-4F80C4173EFC}.Debug|x86.ActiveCfg = Debug|Any CPU
		{D32DEC04-169C-4F4B-A24D-4F80C4173EFC}.Debug|x86.Build.0 = Debug|Any CPU
		{D32DEC04-169C-4F4B-A24D-4F80C4173EFC}.Release|Any CPU.ActiveCfg = Release|Any CPU
		{D32DEC04-169C-4F4B-A24D-4F80C4173EFC}.Release|Any CPU.Build.0 = Release|Any CPU
		{D32DEC04-169C-4F4B-A24D-4F80C4173EFC}.Release|x86.ActiveCfg = Release|Any CPU
		{D32DEC04-169C-4F4B-A24D-4F80C4173EFC}.Release|x86.Build.0 = Release|Any CPU
		{6B3339DC-0D65-4F6E-8C64-5328C952782C}.Debug|Any CPU.ActiveCfg = Debug|Any CPU
		{6B3339DC-0D65-4F6E-8C64-5328C952782C}.Debug|Any CPU.Build.0 = Debug|Any CPU
		{6B3339DC-0D65-4F6E-8C64-5328C952782C}.Debug|x86.ActiveCfg = Debug|Any CPU
		{6B3339DC-0D65-4F6E-8C64-5328C952782C}.Debug|x86.Build.0 = Debug|Any CPU
		{6B3339DC-0D65-4F6E-8C64-5328C952782C}.Release|Any CPU.ActiveCfg = Release|Any CPU
		{6B3339DC-0D65-4F6E-8C64-5328C952782C}.Release|Any CPU.Build.0 = Release|Any CPU
		{6B3339DC-0D65-4F6E-8C64-5328C952782C}.Release|x86.ActiveCfg = Release|Any CPU
		{6B3339DC-0D65-4F6E-8C64-5328C952782C}.Release|x86.Build.0 = Release|Any CPU
		{F59ADA83-7CA1-4BFE-B46D-3E76F5489AC4}.Debug|Any CPU.ActiveCfg = Debug|Any CPU
		{F59ADA83-7CA1-4BFE-B46D-3E76F5489AC4}.Debug|Any CPU.Build.0 = Debug|Any CPU
		{F59ADA83-7CA1-4BFE-B46D-3E76F5489AC4}.Debug|x86.ActiveCfg = Debug|Any CPU
		{F59ADA83-7CA1-4BFE-B46D-3E76F5489AC4}.Debug|x86.Build.0 = Debug|Any CPU
		{F59ADA83-7CA1-4BFE-B46D-3E76F5489AC4}.Release|Any CPU.ActiveCfg = Release|Any CPU
		{F59ADA83-7CA1-4BFE-B46D-3E76F5489AC4}.Release|Any CPU.Build.0 = Release|Any CPU
		{F59ADA83-7CA1-4BFE-B46D-3E76F5489AC4}.Release|x86.ActiveCfg = Release|Any CPU
		{F59ADA83-7CA1-4BFE-B46D-3E76F5489AC4}.Release|x86.Build.0 = Release|Any CPU
		{461FE59D-57B8-4599-8E7D-439E27A2BBB2}.Debug|Any CPU.ActiveCfg = Debug|Any CPU
		{461FE59D-57B8-4599-8E7D-439E27A2BBB2}.Debug|Any CPU.Build.0 = Debug|Any CPU
		{461FE59D-57B8-4599-8E7D-439E27A2BBB2}.Debug|x86.ActiveCfg = Debug|Any CPU
		{461FE59D-57B8-4599-8E7D-439E27A2BBB2}.Debug|x86.Build.0 = Debug|Any CPU
		{461FE59D-57B8-4599-8E7D-439E27A2BBB2}.Release|Any CPU.ActiveCfg = Release|Any CPU
		{461FE59D-57B8-4599-8E7D-439E27A2BBB2}.Release|Any CPU.Build.0 = Release|Any CPU
		{461FE59D-57B8-4599-8E7D-439E27A2BBB2}.Release|x86.ActiveCfg = Release|Any CPU
		{461FE59D-57B8-4599-8E7D-439E27A2BBB2}.Release|x86.Build.0 = Release|Any CPU
		{0C6A310A-CCE1-4B7A-A552-2C5E4130494B}.Debug|Any CPU.ActiveCfg = Debug|Any CPU
		{0C6A310A-CCE1-4B7A-A552-2C5E4130494B}.Debug|Any CPU.Build.0 = Debug|Any CPU
		{0C6A310A-CCE1-4B7A-A552-2C5E4130494B}.Debug|x86.ActiveCfg = Debug|Any CPU
		{0C6A310A-CCE1-4B7A-A552-2C5E4130494B}.Debug|x86.Build.0 = Debug|Any CPU
		{0C6A310A-CCE1-4B7A-A552-2C5E4130494B}.Release|Any CPU.ActiveCfg = Release|Any CPU
		{0C6A310A-CCE1-4B7A-A552-2C5E4130494B}.Release|Any CPU.Build.0 = Release|Any CPU
		{0C6A310A-CCE1-4B7A-A552-2C5E4130494B}.Release|x86.ActiveCfg = Release|Any CPU
		{0C6A310A-CCE1-4B7A-A552-2C5E4130494B}.Release|x86.Build.0 = Release|Any CPU
	EndGlobalSection
	GlobalSection(SolutionProperties) = preSolution
		HideSolutionNode = FALSE
	EndGlobalSection
	GlobalSection(ExtensibilityGlobals) = postSolution
		SolutionGuid = {E8D1A50B-8978-4D22-AA9A-19AB4DE00E38}
	EndGlobalSection
EndGlobal
